
Microsoft Visual Studio Solution File, Format Version 12.00
# Visual Studio Version 17
VisualStudioVersion = 17.0.31611.283
MinimumVisualStudioVersion = 10.0.40219.1
Project("{9A19103F-16F7-4668-BE54-9A1E7A4F7556}") = "CentralInovacao", "CentralInovacao.csproj", "{0EC89D3C-5983-4A8B-B45D-E2BAACF75F1B}"
EndProject
Project("{FAE04EC0-301F-11D3-BF4B-00C04F79EFBC}") = "Business.Inovacao", "..\..\..\InfoLight\Business\Business.Inovacao\Business.Inovacao.csproj", "{543CF25F-0666-44C7-B219-FBAB71133234}"
EndProject
Global
	GlobalSection(SolutionConfigurationPlatforms) = preSolution
		Debug|Any CPU = Debug|Any CPU
		Release|Any CPU = Release|Any CPU
	EndGlobalSection
	GlobalSection(ProjectConfigurationPlatforms) = postSolution
		{0EC89D3C-5983-4A8B-B45D-E2BAACF75F1B}.Debug|Any CPU.ActiveCfg = Debug|Any CPU
		{0EC89D3C-5983-4A8B-B45D-E2BAACF75F1B}.Debug|Any CPU.Build.0 = Debug|Any CPU
		{0EC89D3C-5983-4A8B-B45D-E2BAACF75F1B}.Debug|Any CPU.Deploy.0 = Debug|Any CPU
		{0EC89D3C-5983-4A8B-B45D-E2BAACF75F1B}.Release|Any CPU.ActiveCfg = Release|Any CPU
		{0EC89D3C-5983-4A8B-B45D-E2BAACF75F1B}.Release|Any CPU.Build.0 = Release|Any CPU
		{0EC89D3C-5983-4A8B-B45D-E2BAACF75F1B}.Release|Any CPU.Deploy.0 = Release|Any CPU
		{543CF25F-0666-44C7-B219-FBAB71133234}.Debug|Any CPU.ActiveCfg = Debug|Any CPU
		{543CF25F-0666-44C7-B219-FBAB71133234}.Debug|Any CPU.Build.0 = Debug|Any CPU
		{543CF25F-0666-44C7-B219-FBAB71133234}.Release|Any CPU.ActiveCfg = Release|Any CPU
		{543CF25F-0666-44C7-B219-FBAB71133234}.Release|Any CPU.Build.0 = Release|Any CPU
	EndGlobalSection
	GlobalSection(SolutionProperties) = preSolution
		HideSolutionNode = FALSE
	EndGlobalSection
	GlobalSection(ExtensibilityGlobals) = postSolution
		SolutionGuid = {61F7FB11-1E47-470C-91E2-47F8143E1572}
	EndGlobalSection
EndGlobal
